{
  "name": "lqq-core",
  "version": "0.0.20",
  "lockfileVersion": 1,
  "requires": true,
  "dependencies": {
    "lqq-util": {
      "version": "0.0.20",
      "resolved": "https://registry.npmjs.org/lqq-util/-/lqq-util-0.0.20.tgz",
      "integrity": "sha512-MBC49JxDHR9uYakoedcuIrpxr3SekeLl9HcNMNpbN6hfBt/3CuLyLDrH4NB7nt+Gqos0LHfqZ3+Y7myWZOhyCQ=="
    },
    "nprogress": {
      "version": "0.2.0",
      "resolved": "https://registry.npmjs.org/nprogress/-/nprogress-0.2.0.tgz",
      "integrity": "sha1-y480xTIT2JVyP8urkH6UIq28r7E="
    }
  }
}
